
Microsoft Visual Studio Solution File, Format Version 12.00
# Visual Studio Version 16
VisualStudioVersion = 16.0.31729.503
MinimumVisualStudioVersion = 10.0.40219.1
Project("{FAE04EC0-301F-11D3-BF4B-00C04F79EFBC}") = "lab2", "lab2\lab2.csproj", "{CE156A8A-1CC5-4414-B84B-3700B19F9C73}"
EndProject
Global
	GlobalSection(SolutionConfigurationPlatforms) = preSolution
		Debug|Any CPU = Debug|Any CPU
		Release|Any CPU = Release|Any CPU
	EndGlobalSection
	GlobalSection(ProjectConfigurationPlatforms) = postSolution
		{CE156A8A-1CC5-4414-B84B-3700B19F9C73}.Debug|Any CPU.ActiveCfg = Debug|Any CPU
		{CE156A8A-1CC5-4414-B84B-3700B19F9C73}.Debug|Any CPU.Build.0 = Debug|Any CPU
		{CE156A8A-1CC5-4414-B84B-3700B19F9C73}.Release|Any CPU.ActiveCfg = Release|Any CPU
		{CE156A8A-1CC5-4414-B84B-3700B19F9C73}.Release|Any CPU.Build.0 = Release|Any CPU
	EndGlobalSection
	GlobalSection(SolutionProperties) = preSolution
		HideSolutionNode = FALSE
	EndGlobalSection
	GlobalSection(ExtensibilityGlobals) = postSolution
		SolutionGuid = {D2EA71C1-3C09-4FD2-B78D-0863DADC5E7E}
	EndGlobalSection
EndGlobal
